
Microsoft Visual Studio Solution File, Format Version 12.00
# Visual Studio 15
VisualStudioVersion = 15.0.28307.329
MinimumVisualStudioVersion = 10.0.40219.1
Project("{FAE04EC0-301F-11D3-BF4B-00C04F79EFBC}") = "GroundsIce.WebApi", "GroundsIce.WebApi\GroundsIce.WebApi.csproj", "{F71A7FE0-CA3A-4715-A7CA-1E7D70661DB9}"
EndProject
Project("{FAE04EC0-301F-11D3-BF4B-00C04F79EFBC}") = "GroundsIce.Model", "GroundsIce.Model\GroundsIce.Model.csproj", "{1E6583C8-C225-4CE2-A9FE-5575BFA47879}"
EndProject
Project("{FAE04EC0-301F-11D3-BF4B-00C04F79EFBC}") = "GroundsIce.Model.Tests", "GroundsIce.Model.Tests\GroundsIce.Model.Tests.csproj", "{5668EE3A-BAA8-4E0B-8CA6-A28A77A6CE80}"
EndProject
Project("{FAE04EC0-301F-11D3-BF4B-00C04F79EFBC}") = "GroundsIce.WebApi.Tests", "GroundsIce.WebApi.Tests\GroundsIce.WebApi.Tests.csproj", "{D487E752-16EF-4CAB-9B20-3F9FC578BA00}"
EndProject
Global
	GlobalSection(SolutionConfigurationPlatforms) = preSolution
		Debug|Any CPU = Debug|Any CPU
		Release|Any CPU = Release|Any CPU
	EndGlobalSection
	GlobalSection(ProjectConfigurationPlatforms) = postSolution
		{F71A7FE0-CA3A-4715-A7CA-1E7D70661DB9}.Debug|Any CPU.ActiveCfg = Debug|Any CPU
		{F71A7FE0-CA3A-4715-A7CA-1E7D70661DB9}.Debug|Any CPU.Build.0 = Debug|Any CPU
		{F71A7FE0-CA3A-4715-A7CA-1E7D70661DB9}.Release|Any CPU.ActiveCfg = Release|Any CPU
		{F71A7FE0-CA3A-4715-A7CA-1E7D70661DB9}.Release|Any CPU.Build.0 = Release|Any CPU
		{1E6583C8-C225-4CE2-A9FE-5575BFA47879}.Debug|Any CPU.ActiveCfg = Debug|Any CPU
		{1E6583C8-C225-4CE2-A9FE-5575BFA47879}.Debug|Any CPU.Build.0 = Debug|Any CPU
		{1E6583C8-C225-4CE2-A9FE-5575BFA47879}.Release|Any CPU.ActiveCfg = Release|Any CPU
		{1E6583C8-C225-4CE2-A9FE-5575BFA47879}.Release|Any CPU.Build.0 = Release|Any CPU
		{5668EE3A-BAA8-4E0B-8CA6-A28A77A6CE80}.Debug|Any CPU.ActiveCfg = Debug|Any CPU
		{5668EE3A-BAA8-4E0B-8CA6-A28A77A6CE80}.Debug|Any CPU.Build.0 = Debug|Any CPU
		{5668EE3A-BAA8-4E0B-8CA6-A28A77A6CE80}.Release|Any CPU.ActiveCfg = Release|Any CPU
		{5668EE3A-BAA8-4E0B-8CA6-A28A77A6CE80}.Release|Any CPU.Build.0 = Release|Any CPU
		{D487E752-16EF-4CAB-9B20-3F9FC578BA00}.Debug|Any CPU.ActiveCfg = Debug|Any CPU
		{D487E752-16EF-4CAB-9B20-3F9FC578BA00}.Debug|Any CPU.Build.0 = Debug|Any CPU
		{D487E752-16EF-4CAB-9B20-3F9FC578BA00}.Release|Any CPU.ActiveCfg = Release|Any CPU
		{D487E752-16EF-4CAB-9B20-3F9FC578BA00}.Release|Any CPU.Build.0 = Release|Any CPU
	EndGlobalSection
	GlobalSection(SolutionProperties) = preSolution
		HideSolutionNode = FALSE
	EndGlobalSection
	GlobalSection(ExtensibilityGlobals) = postSolution
		SolutionGuid = {2F76BB26-673A-4B91-A982-24E85D5342F6}
	EndGlobalSection
EndGlobal
